
Microsoft Visual Studio Solution File, Format Version 12.00
# Visual Studio Version 17
VisualStudioVersion = 17.11.35303.130
MinimumVisualStudioVersion = 10.0.40219.1
Project("{9A19103F-16F7-4668-BE54-9A1E7A4F7556}") = "dmacaspac201", "dmacaspac201.csproj", "{3AE047B9-EE6D-4818-9A49-48A4A510EC95}"
EndProject
Project("{9A19103F-16F7-4668-BE54-9A1E7A4F7556}") = "dmacaspac201.App", "..\dmacaspac201.App\dmacaspac201.App.csproj", "{17A54BFF-4056-4BD8-952B-D024DCB222EF}"
EndProject
Project("{9A19103F-16F7-4668-BE54-9A1E7A4F7556}") = "dmacaspac201.EntityFramework", "..\dmacaspac201.EntityFramework\dmacaspac201.EntityFramework.csproj", "{63EB1EC9-0386-42D1-A8C5-A6FD81F4E5B8}"
EndProject
Project("{9A19103F-16F7-4668-BE54-9A1E7A4F7556}") = "dmacaspac201.Services", "..\dmacaspac201.Services\dmacaspac201.Services.csproj", "{4B7EEE1B-31FD-4DA8-B3B7-4297C4D99AA8}"
EndProject
Project("{9A19103F-16F7-4668-BE54-9A1E7A4F7556}") = "dmacaspac201.Contracts", "..\dmacaspac201.Contracts\dmacaspac201.Contracts.csproj", "{2BAF7037-3907-47EC-B376-BC25ACA7EE6F}"
EndProject
Project("{9A19103F-16F7-4668-BE54-9A1E7A4F7556}") = "dmacaspac201.MySql", "..\dmacaspac201.MySql\dmacaspac201.MySql.csproj", "{A4A60460-51B2-431B-8389-9CB48BED85B4}"
EndProject
Project("{9A19103F-16F7-4668-BE54-9A1E7A4F7556}") = "dmacaspac201.Data", "..\dmacaspac201.Models\dmacaspac201.Data.csproj", "{54DEE8FF-94E5-45B9-8181-06A2B24B2EDF}"
EndProject
Global
	GlobalSection(SolutionConfigurationPlatforms) = preSolution
		Debug|Any CPU = Debug|Any CPU
		Release|Any CPU = Release|Any CPU
	EndGlobalSection
	GlobalSection(ProjectConfigurationPlatforms) = postSolution
		{3AE047B9-EE6D-4818-9A49-48A4A510EC95}.Debug|Any CPU.ActiveCfg = Debug|Any CPU
		{3AE047B9-EE6D-4818-9A49-48A4A510EC95}.Debug|Any CPU.Build.0 = Debug|Any CPU
		{3AE047B9-EE6D-4818-9A49-48A4A510EC95}.Release|Any CPU.ActiveCfg = Release|Any CPU
		{3AE047B9-EE6D-4818-9A49-48A4A510EC95}.Release|Any CPU.Build.0 = Release|Any CPU
		{17A54BFF-4056-4BD8-952B-D024DCB222EF}.Debug|Any CPU.ActiveCfg = Debug|Any CPU
		{17A54BFF-4056-4BD8-952B-D024DCB222EF}.Debug|Any CPU.Build.0 = Debug|Any CPU
		{17A54BFF-4056-4BD8-952B-D024DCB222EF}.Release|Any CPU.ActiveCfg = Release|Any CPU
		{17A54BFF-4056-4BD8-952B-D024DCB222EF}.Release|Any CPU.Build.0 = Release|Any CPU
		{63EB1EC9-0386-42D1-A8C5-A6FD81F4E5B8}.Debug|Any CPU.ActiveCfg = Debug|Any CPU
		{63EB1EC9-0386-42D1-A8C5-A6FD81F4E5B8}.Debug|Any CPU.Build.0 = Debug|Any CPU
		{63EB1EC9-0386-42D1-A8C5-A6FD81F4E5B8}.Release|Any CPU.ActiveCfg = Release|Any CPU
		{63EB1EC9-0386-42D1-A8C5-A6FD81F4E5B8}.Release|Any CPU.Build.0 = Release|Any CPU
		{4B7EEE1B-31FD-4DA8-B3B7-4297C4D99AA8}.Debug|Any CPU.ActiveCfg = Debug|Any CPU
		{4B7EEE1B-31FD-4DA8-B3B7-4297C4D99AA8}.Debug|Any CPU.Build.0 = Debug|Any CPU
		{4B7EEE1B-31FD-4DA8-B3B7-4297C4D99AA8}.Release|Any CPU.ActiveCfg = Release|Any CPU
		{4B7EEE1B-31FD-4DA8-B3B7-4297C4D99AA8}.Release|Any CPU.Build.0 = Release|Any CPU
		{2BAF7037-3907-47EC-B376-BC25ACA7EE6F}.Debug|Any CPU.ActiveCfg = Debug|Any CPU
		{2BAF7037-3907-47EC-B376-BC25ACA7EE6F}.Debug|Any CPU.Build.0 = Debug|Any CPU
		{2BAF7037-3907-47EC-B376-BC25ACA7EE6F}.Release|Any CPU.ActiveCfg = Release|Any CPU
		{2BAF7037-3907-47EC-B376-BC25ACA7EE6F}.Release|Any CPU.Build.0 = Release|Any CPU
		{A4A60460-51B2-431B-8389-9CB48BED85B4}.Debug|Any CPU.ActiveCfg = Debug|Any CPU
		{A4A60460-51B2-431B-8389-9CB48BED85B4}.Debug|Any CPU.Build.0 = Debug|Any CPU
		{A4A60460-51B2-431B-8389-9CB48BED85B4}.Release|Any CPU.ActiveCfg = Release|Any CPU
		{A4A60460-51B2-431B-8389-9CB48BED85B4}.Release|Any CPU.Build.0 = Release|Any CPU
		{54DEE8FF-94E5-45B9-8181-06A2B24B2EDF}.Debug|Any CPU.ActiveCfg = Debug|Any CPU
		{54DEE8FF-94E5-45B9-8181-06A2B24B2EDF}.Debug|Any CPU.Build.0 = Debug|Any CPU
		{54DEE8FF-94E5-45B9-8181-06A2B24B2EDF}.Release|Any CPU.ActiveCfg = Release|Any CPU
		{54DEE8FF-94E5-45B9-8181-06A2B24B2EDF}.Release|Any CPU.Build.0 = Release|Any CPU
	EndGlobalSection
	GlobalSection(SolutionProperties) = preSolution
		HideSolutionNode = FALSE
	EndGlobalSection
	GlobalSection(ExtensibilityGlobals) = postSolution
		SolutionGuid = {40A715CC-7C4B-4585-86FE-ABBA7D405944}
	EndGlobalSection
EndGlobal
